
Microsoft Visual Studio Solution File, Format Version 12.00
# Visual Studio Version 17
VisualStudioVersion = 17.4.33213.308
MinimumVisualStudioVersion = 10.0.40219.1
Project("{FAE04EC0-301F-11D3-BF4B-00C04F79EFBC}") = "marathon", "marathon\marathon.csproj", "{1287CC4F-7C49-4DAB-9728-F67AA5625860}"
EndProject
Global
	GlobalSection(SolutionConfigurationPlatforms) = preSolution
		Debug|Any CPU = Debug|Any CPU
		Release|Any CPU = Release|Any CPU
	EndGlobalSection
	GlobalSection(ProjectConfigurationPlatforms) = postSolution
		{1287CC4F-7C49-4DAB-9728-F67AA5625860}.Debug|Any CPU.ActiveCfg = Debug|Any CPU
		{1287CC4F-7C49-4DAB-9728-F67AA5625860}.Debug|Any CPU.Build.0 = Debug|Any CPU
		{1287CC4F-7C49-4DAB-9728-F67AA5625860}.Release|Any CPU.ActiveCfg = Release|Any CPU
		{1287CC4F-7C49-4DAB-9728-F67AA5625860}.Release|Any CPU.Build.0 = Release|Any CPU
	EndGlobalSection
	GlobalSection(SolutionProperties) = preSolution
		HideSolutionNode = FALSE
	EndGlobalSection
	GlobalSection(ExtensibilityGlobals) = postSolution
		SolutionGuid = {4272B018-20D7-4A75-9E71-A282AF03975C}
	EndGlobalSection
EndGlobal
